
Microsoft Visual Studio Solution File, Format Version 12.00
# Visual Studio Version 16
VisualStudioVersion = 16.0.29102.190
MinimumVisualStudioVersion = 10.0.40219.1
Project("{2150E333-8FDC-42A3-9474-1A3956D46DE8}") = "DevOps", "DevOps", "{D29CABE7-467E-4CF6-B44B-3C58AB76145A}"
	ProjectSection(SolutionItems) = preProject
		..\azure-pipelines.yml = ..\azure-pipelines.yml
	EndProjectSection
EndProject
Project("{9A19103F-16F7-4668-BE54-9A1E7A4F7556}") = "Marain.ContentManagement.Abstractions", "Marain.ContentManagement.Abstractions\Marain.ContentManagement.Abstractions.csproj", "{588D9E0A-D606-41C6-9507-369A639B5998}"
EndProject
Project("{9A19103F-16F7-4668-BE54-9A1E7A4F7556}") = "Marain.ContentManagement.Storage.AzureComsos", "Marain.ContentManagement.Storage.AzureComsos\Marain.ContentManagement.Storage.AzureComsos.csproj", "{9C9DCD54-A7FA-4A7E-A392-75120F1CF40F}"
EndProject
Project("{9A19103F-16F7-4668-BE54-9A1E7A4F7556}") = "Marain.ContentManagement.Specs", "Marain.ContentManagement.Specs\Marain.ContentManagement.Specs.csproj", "{51B3F3D5-F68E-48C7-A8BF-FB5558CD02CD}"
EndProject
Project("{9A19103F-16F7-4668-BE54-9A1E7A4F7556}") = "Marain.ContentManagement.Rendering.Abstractions", "Marain.ContentManagement.Rendering.Abstractions\Marain.ContentManagement.Rendering.Abstractions.csproj", "{E7B06D8B-01BC-4936-86CB-07EEC8CF6645}"
EndProject
Project("{9A19103F-16F7-4668-BE54-9A1E7A4F7556}") = "Marain.ContentManagement.Rendering.Markdown", "Marain.ContentManagement.Rendering.Markdown\Marain.ContentManagement.Rendering.Markdown.csproj", "{D9059742-AE64-426C-916D-BEA7C8274410}"
EndProject
Project("{9A19103F-16F7-4668-BE54-9A1E7A4F7556}") = "Marain.ContentManagement.Rendering.Specs", "Marain.ContentManagement.Rendering.Specs\Marain.ContentManagement.Rendering.Specs.csproj", "{4B7D9999-0138-42B3-83A4-B95265B4BBDD}"
EndProject
Project("{9A19103F-16F7-4668-BE54-9A1E7A4F7556}") = "Marain.ContentManagement.SpecHelpers", "Marain.ContentManagement.SpecHelpers\Marain.ContentManagement.SpecHelpers.csproj", "{FC79A467-0616-4481-A8F4-2B92C5FDB0A0}"
EndProject
Project("{9A19103F-16F7-4668-BE54-9A1E7A4F7556}") = "Marain.ContentManagement.Rendering.Liquid", "Marain.ContentManagement.Rendering.Liquid\Marain.ContentManagement.Rendering.Liquid.csproj", "{2117E0FE-CE0E-4970-97A1-6B52F60F14D3}"
EndProject
Project("{9A19103F-16F7-4668-BE54-9A1E7A4F7556}") = "Marain.ContentManagement.Tenancy.Abstractions", "Marain.ContentManagement.Tenancy.Abstractions\Marain.ContentManagement.Tenancy.Abstractions.csproj", "{F94D26B2-02F4-4111-B5E4-8AC9870C2250}"
EndProject
Project("{9A19103F-16F7-4668-BE54-9A1E7A4F7556}") = "Marain.ContentManagement.Tenancy.AzureCosmos", "Marain.ContentManagement.Tenancy.AzureCosmos\Marain.ContentManagement.Tenancy.AzureCosmos.csproj", "{DFBCA594-A3D4-4118-854D-02B25DF54E25}"
EndProject
Project("{2150E333-8FDC-42A3-9474-1A3956D46DE8}") = "Api", "Api", "{0F03B989-9119-4FAA-A55A-4DC795E4331E}"
EndProject
Project("{2150E333-8FDC-42A3-9474-1A3956D46DE8}") = "Tenancy", "Tenancy", "{30559961-E8F5-4AA8-9CB9-3C880CBE86A5}"
EndProject
Project("{9A19103F-16F7-4668-BE54-9A1E7A4F7556}") = "Marain.ContentManagement.Api.Host", "Marain.ContentManagement.Api.Host\Marain.ContentManagement.Api.Host.csproj", "{ECE0386B-7CA8-4714-AB03-2901847A3BAC}"
EndProject
Project("{9A19103F-16F7-4668-BE54-9A1E7A4F7556}") = "Marain.ContentManagement.Api.Services", "Marain.ContentManagement.Api.Services\Marain.ContentManagement.Api.Services.csproj", "{A27A5F77-3418-4877-9E84-B60F2EFF2FCD}"
EndProject
Project("{9A19103F-16F7-4668-BE54-9A1E7A4F7556}") = "Marain.ContentManagement.Api.Services.AspNetCore", "Marain.ContentManagement.Api.Services.AspNetCore\Marain.ContentManagement.Api.Services.AspNetCore.csproj", "{5BD6B256-F023-4F36-A5F7-05286E1CD689}"
EndProject
Project("{9A19103F-16F7-4668-BE54-9A1E7A4F7556}") = "Marain.ContentManagement.Api.Specs", "Marain.ContentManagement.Api.Specs\Marain.ContentManagement.Api.Specs.csproj", "{AF696F73-2CB1-4D74-AA2F-120A6EB0F9D0}"
EndProject
Project("{9A19103F-16F7-4668-BE54-9A1E7A4F7556}") = "Marain.ContentManagement.Api.Client", "Marain.ContentManagement.Api.Client\Marain.ContentManagement.Api.Client.csproj", "{8B26A2F7-5587-4D95-8719-41D833E112C3}"
EndProject
Global
	GlobalSection(SolutionConfigurationPlatforms) = preSolution
		Debug|Any CPU = Debug|Any CPU
		Release|Any CPU = Release|Any CPU
	EndGlobalSection
	GlobalSection(ProjectConfigurationPlatforms) = postSolution
		{588D9E0A-D606-41C6-9507-369A639B5998}.Debug|Any CPU.ActiveCfg = Debug|Any CPU
		{588D9E0A-D606-41C6-9507-369A639B5998}.Debug|Any CPU.Build.0 = Debug|Any CPU
		{588D9E0A-D606-41C6-9507-369A639B5998}.Release|Any CPU.ActiveCfg = Release|Any CPU
		{588D9E0A-D606-41C6-9507-369A639B5998}.Release|Any CPU.Build.0 = Release|Any CPU
		{9C9DCD54-A7FA-4A7E-A392-75120F1CF40F}.Debug|Any CPU.ActiveCfg = Debug|Any CPU
		{9C9DCD54-A7FA-4A7E-A392-75120F1CF40F}.Debug|Any CPU.Build.0 = Debug|Any CPU
		{9C9DCD54-A7FA-4A7E-A392-75120F1CF40F}.Release|Any CPU.ActiveCfg = Release|Any CPU
		{9C9DCD54-A7FA-4A7E-A392-75120F1CF40F}.Release|Any CPU.Build.0 = Release|Any CPU
		{51B3F3D5-F68E-48C7-A8BF-FB5558CD02CD}.Debug|Any CPU.ActiveCfg = Debug|Any CPU
		{51B3F3D5-F68E-48C7-A8BF-FB5558CD02CD}.Debug|Any CPU.Build.0 = Debug|Any CPU
		{51B3F3D5-F68E-48C7-A8BF-FB5558CD02CD}.Release|Any CPU.ActiveCfg = Release|Any CPU
		{51B3F3D5-F68E-48C7-A8BF-FB5558CD02CD}.Release|Any CPU.Build.0 = Release|Any CPU
		{E7B06D8B-01BC-4936-86CB-07EEC8CF6645}.Debug|Any CPU.ActiveCfg = Debug|Any CPU
		{E7B06D8B-01BC-4936-86CB-07EEC8CF6645}.Debug|Any CPU.Build.0 = Debug|Any CPU
		{E7B06D8B-01BC-4936-86CB-07EEC8CF6645}.Release|Any CPU.ActiveCfg = Release|Any CPU
		{E7B06D8B-01BC-4936-86CB-07EEC8CF6645}.Release|Any CPU.Build.0 = Release|Any CPU
		{D9059742-AE64-426C-916D-BEA7C8274410}.Debug|Any CPU.ActiveCfg = Debug|Any CPU
		{D9059742-AE64-426C-916D-BEA7C8274410}.Debug|Any CPU.Build.0 = Debug|Any CPU
		{D9059742-AE64-426C-916D-BEA7C8274410}.Release|Any CPU.ActiveCfg = Release|Any CPU
		{D9059742-AE64-426C-916D-BEA7C8274410}.Release|Any CPU.Build.0 = Release|Any CPU
		{4B7D9999-0138-42B3-83A4-B95265B4BBDD}.Debug|Any CPU.ActiveCfg = Debug|Any CPU
		{4B7D9999-0138-42B3-83A4-B95265B4BBDD}.Debug|Any CPU.Build.0 = Debug|Any CPU
		{4B7D9999-0138-42B3-83A4-B95265B4BBDD}.Release|Any CPU.ActiveCfg = Release|Any CPU
		{4B7D9999-0138-42B3-83A4-B95265B4BBDD}.Release|Any CPU.Build.0 = Release|Any CPU
		{FC79A467-0616-4481-A8F4-2B92C5FDB0A0}.Debug|Any CPU.ActiveCfg = Debug|Any CPU
		{FC79A467-0616-4481-A8F4-2B92C5FDB0A0}.Debug|Any CPU.Build.0 = Debug|Any CPU
		{FC79A467-0616-4481-A8F4-2B92C5FDB0A0}.Release|Any CPU.ActiveCfg = Release|Any CPU
		{FC79A467-0616-4481-A8F4-2B92C5FDB0A0}.Release|Any CPU.Build.0 = Release|Any CPU
		{2117E0FE-CE0E-4970-97A1-6B52F60F14D3}.Debug|Any CPU.ActiveCfg = Debug|Any CPU
		{2117E0FE-CE0E-4970-97A1-6B52F60F14D3}.Debug|Any CPU.Build.0 = Debug|Any CPU
		{2117E0FE-CE0E-4970-97A1-6B52F60F14D3}.Release|Any CPU.ActiveCfg = Release|Any CPU
		{2117E0FE-CE0E-4970-97A1-6B52F60F14D3}.Release|Any CPU.Build.0 = Release|Any CPU
		{F94D26B2-02F4-4111-B5E4-8AC9870C2250}.Debug|Any CPU.ActiveCfg = Debug|Any CPU
		{F94D26B2-02F4-4111-B5E4-8AC9870C2250}.Debug|Any CPU.Build.0 = Debug|Any CPU
		{F94D26B2-02F4-4111-B5E4-8AC9870C2250}.Release|Any CPU.ActiveCfg = Release|Any CPU
		{F94D26B2-02F4-4111-B5E4-8AC9870C2250}.Release|Any CPU.Build.0 = Release|Any CPU
		{DFBCA594-A3D4-4118-854D-02B25DF54E25}.Debug|Any CPU.ActiveCfg = Debug|Any CPU
		{DFBCA594-A3D4-4118-854D-02B25DF54E25}.Debug|Any CPU.Build.0 = Debug|Any CPU
		{DFBCA594-A3D4-4118-854D-02B25DF54E25}.Release|Any CPU.ActiveCfg = Release|Any CPU
		{DFBCA594-A3D4-4118-854D-02B25DF54E25}.Release|Any CPU.Build.0 = Release|Any CPU
		{ECE0386B-7CA8-4714-AB03-2901847A3BAC}.Debug|Any CPU.ActiveCfg = Debug|Any CPU
		{ECE0386B-7CA8-4714-AB03-2901847A3BAC}.Debug|Any CPU.Build.0 = Debug|Any CPU
		{ECE0386B-7CA8-4714-AB03-2901847A3BAC}.Release|Any CPU.ActiveCfg = Release|Any CPU
		{ECE0386B-7CA8-4714-AB03-2901847A3BAC}.Release|Any CPU.Build.0 = Release|Any CPU
		{A27A5F77-3418-4877-9E84-B60F2EFF2FCD}.Debug|Any CPU.ActiveCfg = Debug|Any CPU
		{A27A5F77-3418-4877-9E84-B60F2EFF2FCD}.Debug|Any CPU.Build.0 = Debug|Any CPU
		{A27A5F77-3418-4877-9E84-B60F2EFF2FCD}.Release|Any CPU.ActiveCfg = Release|Any CPU
		{A27A5F77-3418-4877-9E84-B60F2EFF2FCD}.Release|Any CPU.Build.0 = Release|Any CPU
		{5BD6B256-F023-4F36-A5F7-05286E1CD689}.Debug|Any CPU.ActiveCfg = Debug|Any CPU
		{5BD6B256-F023-4F36-A5F7-05286E1CD689}.Debug|Any CPU.Build.0 = Debug|Any CPU
		{5BD6B256-F023-4F36-A5F7-05286E1CD689}.Release|Any CPU.ActiveCfg = Release|Any CPU
		{5BD6B256-F023-4F36-A5F7-05286E1CD689}.Release|Any CPU.Build.0 = Release|Any CPU
		{AF696F73-2CB1-4D74-AA2F-120A6EB0F9D0}.Debug|Any CPU.ActiveCfg = Debug|Any CPU
		{AF696F73-2CB1-4D74-AA2F-120A6EB0F9D0}.Debug|Any CPU.Build.0 = Debug|Any CPU
		{AF696F73-2CB1-4D74-AA2F-120A6EB0F9D0}.Release|Any CPU.ActiveCfg = Release|Any CPU
		{AF696F73-2CB1-4D74-AA2F-120A6EB0F9D0}.Release|Any CPU.Build.0 = Release|Any CPU
		{8B26A2F7-5587-4D95-8719-41D833E112C3}.Debug|Any CPU.ActiveCfg = Debug|Any CPU
		{8B26A2F7-5587-4D95-8719-41D833E112C3}.Debug|Any CPU.Build.0 = Debug|Any CPU
		{8B26A2F7-5587-4D95-8719-41D833E112C3}.Release|Any CPU.ActiveCfg = Release|Any CPU
		{8B26A2F7-5587-4D95-8719-41D833E112C3}.Release|Any CPU.Build.0 = Release|Any CPU
	EndGlobalSection
	GlobalSection(SolutionProperties) = preSolution
		HideSolutionNode = FALSE
	EndGlobalSection
	GlobalSection(NestedProjects) = preSolution
		{F94D26B2-02F4-4111-B5E4-8AC9870C2250} = {30559961-E8F5-4AA8-9CB9-3C880CBE86A5}
		{DFBCA594-A3D4-4118-854D-02B25DF54E25} = {30559961-E8F5-4AA8-9CB9-3C880CBE86A5}
		{ECE0386B-7CA8-4714-AB03-2901847A3BAC} = {0F03B989-9119-4FAA-A55A-4DC795E4331E}
		{A27A5F77-3418-4877-9E84-B60F2EFF2FCD} = {0F03B989-9119-4FAA-A55A-4DC795E4331E}
		{5BD6B256-F023-4F36-A5F7-05286E1CD689} = {0F03B989-9119-4FAA-A55A-4DC795E4331E}
		{AF696F73-2CB1-4D74-AA2F-120A6EB0F9D0} = {0F03B989-9119-4FAA-A55A-4DC795E4331E}
		{8B26A2F7-5587-4D95-8719-41D833E112C3} = {0F03B989-9119-4FAA-A55A-4DC795E4331E}
	EndGlobalSection
	GlobalSection(ExtensibilityGlobals) = postSolution
		SolutionGuid = {1A246536-6802-4A2D-B193-F76922DF1E68}
	EndGlobalSection
EndGlobal
