
Microsoft Visual Studio Solution File, Format Version 12.00
# Visual Studio Version 16
VisualStudioVersion = 16.0.29102.190
MinimumVisualStudioVersion = 10.0.40219.1
Project("{2150E333-8FDC-42A3-9474-1A3956D46DE8}") = "DevOps", "DevOps", "{D29CABE7-467E-4CF6-B44B-3C58AB76145A}"
	ProjectSection(SolutionItems) = preProject
		..\azure-pipelines.yml = ..\azure-pipelines.yml
	EndProjectSection
EndProject
Project("{9A19103F-16F7-4668-BE54-9A1E7A4F7556}") = "Marain.ContentManagement.Abstractions", "Marain.ContentManagement.Abstractions\Marain.ContentManagement.Abstractions.csproj", "{588D9E0A-D606-41C6-9507-369A639B5998}"
EndProject
Project("{9A19103F-16F7-4668-BE54-9A1E7A4F7556}") = "Marain.ContentManagement.Storage.AzureComsos", "Marain.ContentManagement.Storage.AzureComsos\Marain.ContentManagement.Storage.AzureComsos.csproj", "{9C9DCD54-A7FA-4A7E-A392-75120F1CF40F}"
EndProject
Project("{9A19103F-16F7-4668-BE54-9A1E7A4F7556}") = "Marain.ContentManagement.Specs", "Marain.ContentManagement.Specs\Marain.ContentManagement.Specs.csproj", "{51B3F3D5-F68E-48C7-A8BF-FB5558CD02CD}"
EndProject
Project("{9A19103F-16F7-4668-BE54-9A1E7A4F7556}") = "Marain.ContentManagement.OpenApi.Service", "Marain.ContentManagement.OpenApi.Service\Marain.ContentManagement.OpenApi.Service.csproj", "{B3D19394-E72A-4EA0-9391-B2A59DFFFAFE}"
EndProject
Project("{FAE04EC0-301F-11D3-BF4B-00C04F79EFBC}") = "Marain.ContentManagement.Rendering.Abstractions", "Marain.ContentManagement.Rendering.Abstractions\Marain.ContentManagement.Rendering.Abstractions.csproj", "{E7B06D8B-01BC-4936-86CB-07EEC8CF6645}"
EndProject
Project("{FAE04EC0-301F-11D3-BF4B-00C04F79EFBC}") = "Marain.ContentManagement.Rendering.Markdown", "Marain.ContentManagement.Rendering.Markdown\Marain.ContentManagement.Rendering.Markdown.csproj", "{D9059742-AE64-426C-916D-BEA7C8274410}"
EndProject
Global
	GlobalSection(SolutionConfigurationPlatforms) = preSolution
		Debug|Any CPU = Debug|Any CPU
		Release|Any CPU = Release|Any CPU
	EndGlobalSection
	GlobalSection(ProjectConfigurationPlatforms) = postSolution
		{588D9E0A-D606-41C6-9507-369A639B5998}.Debug|Any CPU.ActiveCfg = Debug|Any CPU
		{588D9E0A-D606-41C6-9507-369A639B5998}.Debug|Any CPU.Build.0 = Debug|Any CPU
		{588D9E0A-D606-41C6-9507-369A639B5998}.Release|Any CPU.ActiveCfg = Release|Any CPU
		{588D9E0A-D606-41C6-9507-369A639B5998}.Release|Any CPU.Build.0 = Release|Any CPU
		{9C9DCD54-A7FA-4A7E-A392-75120F1CF40F}.Debug|Any CPU.ActiveCfg = Debug|Any CPU
		{9C9DCD54-A7FA-4A7E-A392-75120F1CF40F}.Debug|Any CPU.Build.0 = Debug|Any CPU
		{9C9DCD54-A7FA-4A7E-A392-75120F1CF40F}.Release|Any CPU.ActiveCfg = Release|Any CPU
		{9C9DCD54-A7FA-4A7E-A392-75120F1CF40F}.Release|Any CPU.Build.0 = Release|Any CPU
		{51B3F3D5-F68E-48C7-A8BF-FB5558CD02CD}.Debug|Any CPU.ActiveCfg = Debug|Any CPU
		{51B3F3D5-F68E-48C7-A8BF-FB5558CD02CD}.Debug|Any CPU.Build.0 = Debug|Any CPU
		{51B3F3D5-F68E-48C7-A8BF-FB5558CD02CD}.Release|Any CPU.ActiveCfg = Release|Any CPU
		{51B3F3D5-F68E-48C7-A8BF-FB5558CD02CD}.Release|Any CPU.Build.0 = Release|Any CPU
		{B3D19394-E72A-4EA0-9391-B2A59DFFFAFE}.Debug|Any CPU.ActiveCfg = Debug|Any CPU
		{B3D19394-E72A-4EA0-9391-B2A59DFFFAFE}.Debug|Any CPU.Build.0 = Debug|Any CPU
		{B3D19394-E72A-4EA0-9391-B2A59DFFFAFE}.Release|Any CPU.ActiveCfg = Release|Any CPU
		{B3D19394-E72A-4EA0-9391-B2A59DFFFAFE}.Release|Any CPU.Build.0 = Release|Any CPU
		{E7B06D8B-01BC-4936-86CB-07EEC8CF6645}.Debug|Any CPU.ActiveCfg = Debug|Any CPU
		{E7B06D8B-01BC-4936-86CB-07EEC8CF6645}.Debug|Any CPU.Build.0 = Debug|Any CPU
		{E7B06D8B-01BC-4936-86CB-07EEC8CF6645}.Release|Any CPU.ActiveCfg = Release|Any CPU
		{E7B06D8B-01BC-4936-86CB-07EEC8CF6645}.Release|Any CPU.Build.0 = Release|Any CPU
		{D9059742-AE64-426C-916D-BEA7C8274410}.Debug|Any CPU.ActiveCfg = Debug|Any CPU
		{D9059742-AE64-426C-916D-BEA7C8274410}.Debug|Any CPU.Build.0 = Debug|Any CPU
		{D9059742-AE64-426C-916D-BEA7C8274410}.Release|Any CPU.ActiveCfg = Release|Any CPU
		{D9059742-AE64-426C-916D-BEA7C8274410}.Release|Any CPU.Build.0 = Release|Any CPU
	EndGlobalSection
	GlobalSection(SolutionProperties) = preSolution
		HideSolutionNode = FALSE
	EndGlobalSection
	GlobalSection(ExtensibilityGlobals) = postSolution
		SolutionGuid = {1A246536-6802-4A2D-B193-F76922DF1E68}
	EndGlobalSection
EndGlobal
